%{
  "back_breeze": {:hex, :back_breeze, "0.4.4", "7f378e0dc2913a85741d336883e99310759e317ec4dfc52a2b5ea4acf838b2c3", [:mix], [{:termite, "~> 0.4.2 or ~> 0.5", [hex: :termite, repo: "hexpm", optional: false]}], "hexpm", "c14eacac49761e86ca7f59287e06b5a8e807c4769dfa913926eabe06b9928884"},
  "breeze": {:hex, :breeze, "0.5.3", "56cf4409f75a0e55310a7edb98fbee159e3ead49162263840c62590482bb1ad1", [:mix], [{:back_breeze, "~> 0.4.2", [hex: :back_breeze, repo: "hexpm", optional: false]}, {:file_system, "~> 1.1", [hex: :file_system, repo: "hexpm", optional: true]}, {:telemetry, "~> 1.0", [hex: :telemetry, repo: "hexpm", optional: false]}, {:termite, "~> 0.4.5 or ~> 0.5", [hex: :termite, repo: "hexpm", optional: false]}], "hexpm", "6e75002f1b60a567d6e2c2ea07c626fae55a2e24eb276543cfad4b0d4f8358fd"},
  "file_system": {:hex, :file_system, "1.1.1", "31864f4685b0148f25bd3fbef2b1228457c0c89024ad67f7a81a3ffbc0bbad3a", [:mix], [], "hexpm", "7a15ff97dfe526aeefb090a7a9d3d03aa907e100e262a0f8f7746b78f8f87a5d"},
  "telemetry": {:hex, :telemetry, "1.4.2", "a0cb522801dffb1c49fe6e30561badffc7b6d0e180db1300df759faa22062855", [:rebar3], [], "hexpm", "928f6495066506077862c0d1646609eed891a4326bee3126ba54b60af61febb1"},
  "termite": {:hex, :termite, "0.4.5", "27256cfd7fd505328a79c0a4584f28b405a917e3911ed38872a079231ff8087a", [:mix], [], "hexpm", "e37d6de16a7843eadea2454e33554cb1b1a3a1e733fe7dd89a809b91823640e2"},
}
